{
  "checksum": "6a4b391d345b4f28a95351c02f5a761aa660da1095aaaada4b0f66286ee88a46",
  "crates": {
    "hello_world 0.1.0": {
      "name": "hello_world",
      "version": "0.1.0",
      "repository": null,
      "targets": [],
      "library_target_name": null,
      "common_attrs": {
        "compile_data_glob": [
          "**"
        ],
        "deps": {
          "common": [
            {
              "id": "thiserror 1.0.56",
              "target": "thiserror"
            }
          ],
          "selects": {}
        },
        "edition": "2021",
        "version": "0.1.0"
      },
      "license": null
    },
    "proc-macro2 1.0.78": {
      "name": "proc-macro2",
      "version": "1.0.78",
      "repository": {
        "Http": {
          "url": "https://crates.io/api/v1/crates/proc-macro2/1.0.78/download",
          "sha256": "e2422ad645d89c99f8f3e6b88a9fdeca7fabeac836b1002371c4367c8f984aae"
        }
      },
      "targets": [
        {
          "Library": {
            "crate_name": "proc_macro2",
            "crate_root": "src/lib.rs",
            "srcs": [
              "**/*.rs"
            ]
          }
        },
        {
          "BuildScript": {
            "crate_name": "build_script_build",
            "crate_root": "build.rs",
            "srcs": [
              "**/*.rs"
            ]
          }
        }
      ],
      "library_target_name": "proc_macro2",
      "common_attrs": {
        "compile_data_glob": [
          "**"
        ],
        "crate_features": {
          "common": [
            "default",
            "proc-macro"
          ],
          "selects": {}
        },
        "deps": {
          "common": [
            {
              "id": "proc-macro2 1.0.78",
              "target": "build_script_build"
            },
            {
              "id": "unicode-ident 1.0.12",
              "target": "unicode_ident"
            }
          ],
          "selects": {}
        },
        "edition": "2021",
        "version": "1.0.78"
      },
      "build_script_attrs": {
        "data_glob": [
          "**"
        ]
      },
      "license": "MIT OR Apache-2.0"
    },
    "quote 1.0.35": {
      "name": "quote",
      "version": "1.0.35",
      "repository": {
        "Http": {
          "url": "https://crates.io/api/v1/crates/quote/1.0.35/download",
          "sha256": "291ec9ab5efd934aaf503a6466c5d5251535d108ee747472c3977cc5acc868ef"
        }
      },
      "targets": [
        {
          "Library": {
            "crate_name": "quote",
            "crate_root": "src/lib.rs",
            "srcs": [
              "**/*.rs"
            ]
          }
        }
      ],
      "library_target_name": "quote",
      "common_attrs": {
        "compile_data_glob": [
          "**"
        ],
        "crate_features": {
          "common": [
            "default",
            "proc-macro"
          ],
          "selects": {}
        },
        "deps": {
          "common": [
            {
              "id": "proc-macro2 1.0.78",
              "target": "proc_macro2"
            }
          ],
          "selects": {}
        },
        "edition": "2018",
        "version": "1.0.35"
      },
      "license": "MIT OR Apache-2.0"
    },
    "syn 2.0.48": {
      "name": "syn",
      "version": "2.0.48",
      "repository": {
        "Http": {
          "url": "https://crates.io/api/v1/crates/syn/2.0.48/download",
          "sha256": "0f3531638e407dfc0814761abb7c00a5b54992b849452a0646b7f65c9f770f3f"
        }
      },
      "targets": [
        {
          "Library": {
            "crate_name": "syn",
            "crate_root": "src/lib.rs",
            "srcs": [
              "**/*.rs"
            ]
          }
        }
      ],
      "library_target_name": "syn",
      "common_attrs": {
        "compile_data_glob": [
          "**"
        ],
        "crate_features": {
          "common": [
            "clone-impls",
            "default",
            "derive",
            "parsing",
            "printing",
            "proc-macro",
            "quote"
          ],
          "selects": {}
        },
        "deps": {
          "common": [
            {
              "id": "proc-macro2 1.0.78",
              "target": "proc_macro2"
            },
            {
              "id": "quote 1.0.35",
              "target": "quote"
            },
            {
              "id": "unicode-ident 1.0.12",
              "target": "unicode_ident"
            }
          ],
          "selects": {}
        },
        "edition": "2021",
        "version": "2.0.48"
      },
      "license": "MIT OR Apache-2.0"
    },
    "thiserror 1.0.56": {
      "name": "thiserror",
      "version": "1.0.56",
      "repository": {
        "Http": {
          "url": "https://crates.io/api/v1/crates/thiserror/1.0.56/download",
          "sha256": "d54378c645627613241d077a3a79db965db602882668f9136ac42af9ecb730ad"
        }
      },
      "targets": [
        {
          "Library": {
            "crate_name": "thiserror",
            "crate_root": "src/lib.rs",
            "srcs": [
              "**/*.rs"
            ]
          }
        },
        {
          "BuildScript": {
            "crate_name": "build_script_build",
            "crate_root": "build.rs",
            "srcs": [
              "**/*.rs"
            ]
          }
        }
      ],
      "library_target_name": "thiserror",
      "common_attrs": {
        "compile_data_glob": [
          "**"
        ],
        "deps": {
          "common": [
            {
              "id": "thiserror 1.0.56",
              "target": "build_script_build"
            }
          ],
          "selects": {}
        },
        "edition": "2021",
        "proc_macro_deps": {
          "common": [
            {
              "id": "thiserror-impl 1.0.56",
              "target": "thiserror_impl"
            }
          ],
          "selects": {}
        },
        "version": "1.0.56"
      },
      "build_script_attrs": {
        "data_glob": [
          "**"
        ]
      },
      "license": "MIT OR Apache-2.0"
    },
    "thiserror-impl 1.0.56": {
      "name": "thiserror-impl",
      "version": "1.0.56",
      "repository": {
        "Http": {
          "url": "https://crates.io/api/v1/crates/thiserror-impl/1.0.56/download",
          "sha256": "fa0faa943b50f3db30a20aa7e265dbc66076993efed8463e8de414e5d06d3471"
        }
      },
      "targets": [
        {
          "ProcMacro": {
            "crate_name": "thiserror_impl",
            "crate_root": "src/lib.rs",
            "srcs": [
              "**/*.rs"
            ]
          }
        }
      ],
      "library_target_name": "thiserror_impl",
      "common_attrs": {
        "compile_data_glob": [
          "**"
        ],
        "deps": {
          "common": [
            {
              "id": "proc-macro2 1.0.78",
              "target": "proc_macro2"
            },
            {
              "id": "quote 1.0.35",
              "target": "quote"
            },
            {
              "id": "syn 2.0.48",
              "target": "syn"
            }
          ],
          "selects": {}
        },
        "edition": "2021",
        "version": "1.0.56"
      },
      "license": "MIT OR Apache-2.0"
    },
    "unicode-ident 1.0.12": {
      "name": "unicode-ident",
      "version": "1.0.12",
      "repository": {
        "Http": {
          "url": "https://crates.io/api/v1/crates/unicode-ident/1.0.12/download",
          "sha256": "3354b9ac3fae1ff6755cb6db53683adb661634f67557942dea4facebec0fee4b"
        }
      },
      "targets": [
        {
          "Library": {
            "crate_name": "unicode_ident",
            "crate_root": "src/lib.rs",
            "srcs": [
              "**/*.rs"
            ]
          }
        }
      ],
      "library_target_name": "unicode_ident",
      "common_attrs": {
        "compile_data_glob": [
          "**"
        ],
        "edition": "2018",
        "version": "1.0.12"
      },
      "license": "(MIT OR Apache-2.0) AND Unicode-DFS-2016"
    }
  },
  "binary_crates": [],
  "workspace_members": {
    "hello_world 0.1.0": ""
  },
  "conditions": {
    "aarch64-apple-darwin": [
      "aarch64-apple-darwin"
    ],
    "aarch64-apple-ios": [
      "aarch64-apple-ios"
    ],
    "aarch64-apple-ios-sim": [
      "aarch64-apple-ios-sim"
    ],
    "aarch64-fuchsia": [
      "aarch64-fuchsia"
    ],
    "aarch64-linux-android": [
      "aarch64-linux-android"
    ],
    "aarch64-pc-windows-msvc": [
      "aarch64-pc-windows-msvc"
    ],
    "aarch64-unknown-linux-gnu": [
      "aarch64-unknown-linux-gnu"
    ],
    "aarch64-unknown-nixos-gnu": [
      "aarch64-unknown-nixos-gnu"
    ],
    "aarch64-unknown-nto-qnx710": [
      "aarch64-unknown-nto-qnx710"
    ],
    "arm-unknown-linux-gnueabi": [
      "arm-unknown-linux-gnueabi"
    ],
    "armv7-linux-androideabi": [
      "armv7-linux-androideabi"
    ],
    "armv7-unknown-linux-gnueabi": [
      "armv7-unknown-linux-gnueabi"
    ],
    "i686-apple-darwin": [
      "i686-apple-darwin"
    ],
    "i686-linux-android": [
      "i686-linux-android"
    ],
    "i686-pc-windows-msvc": [
      "i686-pc-windows-msvc"
    ],
    "i686-unknown-freebsd": [
      "i686-unknown-freebsd"
    ],
    "i686-unknown-linux-gnu": [
      "i686-unknown-linux-gnu"
    ],
    "powerpc-unknown-linux-gnu": [
      "powerpc-unknown-linux-gnu"
    ],
    "riscv32imc-unknown-none-elf": [
      "riscv32imc-unknown-none-elf"
    ],
    "riscv64gc-unknown-none-elf": [
      "riscv64gc-unknown-none-elf"
    ],
    "s390x-unknown-linux-gnu": [
      "s390x-unknown-linux-gnu"
    ],
    "thumbv7em-none-eabi": [
      "thumbv7em-none-eabi"
    ],
    "thumbv8m.main-none-eabi": [
      "thumbv8m.main-none-eabi"
    ],
    "wasm32-unknown-unknown": [
      "wasm32-unknown-unknown"
    ],
    "wasm32-wasi": [
      "wasm32-wasi"
    ],
    "x86_64-apple-darwin": [
      "x86_64-apple-darwin"
    ],
    "x86_64-apple-ios": [
      "x86_64-apple-ios"
    ],
    "x86_64-fuchsia": [
      "x86_64-fuchsia"
    ],
    "x86_64-linux-android": [
      "x86_64-linux-android"
    ],
    "x86_64-pc-windows-msvc": [
      "x86_64-pc-windows-msvc"
    ],
    "x86_64-unknown-freebsd": [
      "x86_64-unknown-freebsd"
    ],
    "x86_64-unknown-linux-gnu": [
      "x86_64-unknown-linux-gnu"
    ],
    "x86_64-unknown-nixos-gnu": [
      "x86_64-unknown-nixos-gnu"
    ],
    "x86_64-unknown-none": [
      "x86_64-unknown-none"
    ]
  },
  "direct_deps": [
    "thiserror 1.0.56"
  ],
  "direct_dev_deps": []
}
